// !$*UTF8*$!
{
	archiveVersion = 1;
	classes = {
	};
	objectVersion = 50;
	objects = {

/* Begin PBXBuildFile section */
		102934B4C09B687F7D570D1D /* libPods-HZORM.a in Frameworks */ = {isa = PBXBuildFile; fileRef = 07B207DBBB73A4E04F2CC043 /* libPods-HZORM.a */; };
		9FEDA19120B68BF70082ACE9 /* Person.m in Sources */ = {isa = PBXBuildFile; fileRef = 9FEDA19020B68BF70082ACE9 /* Person.m */; };
		9FF1687720B7A05300BB7CA9 /* JKDBModel.m in Sources */ = {isa = PBXBuildFile; fileRef = 9FF1687320B7A05300BB7CA9 /* JKDBModel.m */; };
		9FF1687820B7A05300BB7CA9 /* JKDBHelper.m in Sources */ = {isa = PBXBuildFile; fileRef = 9FF1687420B7A05300BB7CA9 /* JKDBHelper.m */; };
		9FFE194320AC105200F7BCDB /* AppDelegate.m in Sources */ = {isa = PBXBuildFile; fileRef = 9FFE194220AC105200F7BCDB /* AppDelegate.m */; };
		9FFE194620AC105200F7BCDB /* ViewController.m in Sources */ = {isa = PBXBuildFile; fileRef = 9FFE194520AC105200F7BCDB /* ViewController.m */; };
		9FFE194920AC105200F7BCDB /* Main.storyboard in Resources */ = {isa = PBXBuildFile; fileRef = 9FFE194720AC105200F7BCDB /* Main.storyboard */; };
		9FFE194B20AC105300F7BCDB /* Assets.xcassets in Resources */ = {isa = PBXBuildFile; fileRef = 9FFE194A20AC105300F7BCDB /* Assets.xcassets */; };
		9FFE194E20AC105300F7BCDB /* LaunchScreen.storyboard in Resources */ = {isa = PBXBuildFile; fileRef = 9FFE194C20AC105300F7BCDB /* LaunchScreen.storyboard */; };
		9FFE195120AC105300F7BCDB /* main.m in Sources */ = {isa = PBXBuildFile; fileRef = 9FFE195020AC105300F7BCDB /* main.m */; };
/* End PBXBuildFile section */

/* Begin PBXFileReference section */
		07B207DBBB73A4E04F2CC043 /* libPods-HZORM.a */ = {isa = PBXFileReference; explicitFileType = archive.ar; includeInIndex = 0; path = "libPods-HZORM.a"; sourceTree = BUILT_PRODUCTS_DIR; };
		76D398187CF4958F9089E0D5 /* Pods-HZORM.release.xcconfig */ = {isa = PBXFileReference; includeInIndex = 1; lastKnownFileType = text.xcconfig; name = "Pods-HZORM.release.xcconfig"; path = "Pods/Target Support Files/Pods-HZORM/Pods-HZORM.release.xcconfig"; sourceTree = "<group>"; };
		9FEDA18F20B68BF70082ACE9 /* Person.h */ = {isa = PBXFileReference; lastKnownFileType = sourcecode.c.h; path = Person.h; sourceTree = "<group>"; };
		9FEDA19020B68BF70082ACE9 /* Person.m */ = {isa = PBXFileReference; lastKnownFileType = sourcecode.c.objc; path = Person.m; sourceTree = "<group>"; };
		9FF1687320B7A05300BB7CA9 /* JKDBModel.m */ = {isa = PBXFileReference; fileEncoding = 4; lastKnownFileType = sourcecode.c.objc; path = JKDBModel.m; sourceTree = "<group>"; };
		9FF1687420B7A05300BB7CA9 /* JKDBHelper.m */ = {isa = PBXFileReference; fileEncoding = 4; lastKnownFileType = sourcecode.c.objc; path = JKDBHelper.m; sourceTree = "<group>"; };
		9FF1687520B7A05300BB7CA9 /* JKDBModel.h */ = {isa = PBXFileReference; fileEncoding = 4; lastKnownFileType = sourcecode.c.h; path = JKDBModel.h; sourceTree = "<group>"; };
		9FF1687620B7A05300BB7CA9 /* JKDBHelper.h */ = {isa = PBXFileReference; fileEncoding = 4; lastKnownFileType = sourcecode.c.h; path = JKDBHelper.h; sourceTree = "<group>"; };
		9FFE193E20AC105200F7BCDB /* HZORM.app */ = {isa = PBXFileReference; explicitFileType = wrapper.application; includeInIndex = 0; path = HZORM.app; sourceTree = BUILT_PRODUCTS_DIR; };
		9FFE194120AC105200F7BCDB /* AppDelegate.h */ = {isa = PBXFileReference; lastKnownFileType = sourcecode.c.h; path = AppDelegate.h; sourceTree = "<group>"; };
		9FFE194220AC105200F7BCDB /* AppDelegate.m */ = {isa = PBXFileReference; lastKnownFileType = sourcecode.c.objc; path = AppDelegate.m; sourceTree = "<group>"; };
		9FFE194420AC105200F7BCDB /* ViewController.h */ = {isa = PBXFileReference; lastKnownFileType = sourcecode.c.h; path = ViewController.h; sourceTree = "<group>"; };
		9FFE194520AC105200F7BCDB /* ViewController.m */ = {isa = PBXFileReference; lastKnownFileType = sourcecode.c.objc; path = ViewController.m; sourceTree = "<group>"; };
		9FFE194820AC105200F7BCDB /* Base */ = {isa = PBXFileReference; lastKnownFileType = file.storyboard; name = Base; path = Base.lproj/Main.storyboard; sourceTree = "<group>"; };
		9FFE194A20AC105300F7BCDB /* Assets.xcassets */ = {isa = PBXFileReference; lastKnownFileType = folder.assetcatalog; path = Assets.xcassets; sourceTree = "<group>"; };
		9FFE194D20AC105300F7BCDB /* Base */ = {isa = PBXFileReference; lastKnownFileType = file.storyboard; name = Base; path = Base.lproj/LaunchScreen.storyboard; sourceTree = "<group>"; };
		9FFE194F20AC105300F7BCDB /* Info.plist */ = {isa = PBXFileReference; lastKnownFileType = text.plist.xml; path = Info.plist; sourceTree = "<group>"; };
		9FFE195020AC105300F7BCDB /* main.m */ = {isa = PBXFileReference; lastKnownFileType = sourcecode.c.objc; path = main.m; sourceTree = "<group>"; };
		C318E9E93990963656D38D94 /* Pods-HZORM.debug.xcconfig */ = {isa = PBXFileReference; includeInIndex = 1; lastKnownFileType = text.xcconfig; name = "Pods-HZORM.debug.xcconfig"; path = "Pods/Target Support Files/Pods-HZORM/Pods-HZORM.debug.xcconfig"; sourceTree = "<group>"; };
/* End PBXFileReference section */

/* Begin PBXFrameworksBuildPhase section */
		9FFE193B20AC105200F7BCDB /* Frameworks */ = {
			isa = PBXFrameworksBuildPhase;
			buildActionMask = 2147483647;
			files = (
				102934B4C09B687F7D570D1D /* libPods-HZORM.a in Frameworks */,
			);
			runOnlyForDeploymentPostprocessing = 0;
		};
/* End PBXFrameworksBuildPhase section */

/* Begin PBXGroup section */
		2422F14BB35008A97E1BF4C5 /* Pods */ = {
			isa = PBXGroup;
			children = (
				C318E9E93990963656D38D94 /* Pods-HZORM.debug.xcconfig */,
				76D398187CF4958F9089E0D5 /* Pods-HZORM.release.xcconfig */,
			);
			name = Pods;
			sourceTree = "<group>";
		};
		553CB71EBD91EE2026EF7F72 /* Frameworks */ = {
			isa = PBXGroup;
			children = (
				07B207DBBB73A4E04F2CC043 /* libPods-HZORM.a */,
			);
			name = Frameworks;
			sourceTree = "<group>";
		};
		9FEDA18E20B68BE00082ACE9 /* Model */ = {
			isa = PBXGroup;
			children = (
				9FEDA18F20B68BF70082ACE9 /* Person.h */,
				9FEDA19020B68BF70082ACE9 /* Person.m */,
			);
			path = Model;
			sourceTree = "<group>";
		};
		9FF1687220B7A05300BB7CA9 /* DBModel */ = {
			isa = PBXGroup;
			children = (
				9FF1687620B7A05300BB7CA9 /* JKDBHelper.h */,
				9FF1687420B7A05300BB7CA9 /* JKDBHelper.m */,
				9FF1687520B7A05300BB7CA9 /* JKDBModel.h */,
				9FF1687320B7A05300BB7CA9 /* JKDBModel.m */,
			);
			path = DBModel;
			sourceTree = "<group>";
		};
		9FFE193520AC105200F7BCDB = {
			isa = PBXGroup;
			children = (
				9FFE194020AC105200F7BCDB /* HZORM */,
				9FFE193F20AC105200F7BCDB /* Products */,
				2422F14BB35008A97E1BF4C5 /* Pods */,
				553CB71EBD91EE2026EF7F72 /* Frameworks */,
			);
			sourceTree = "<group>";
		};
		9FFE193F20AC105200F7BCDB /* Products */ = {
			isa = PBXGroup;
			children = (
				9FFE193E20AC105200F7BCDB /* HZORM.app */,
			);
			name = Products;
			sourceTree = "<group>";
		};
		9FFE194020AC105200F7BCDB /* HZORM */ = {
			isa = PBXGroup;
			children = (
				9FF1687220B7A05300BB7CA9 /* DBModel */,
				9FEDA18E20B68BE00082ACE9 /* Model */,
				9FFE194120AC105200F7BCDB /* AppDelegate.h */,
				9FFE194220AC105200F7BCDB /* AppDelegate.m */,
				9FFE194420AC105200F7BCDB /* ViewController.h */,
				9FFE194520AC105200F7BCDB /* ViewController.m */,
				9FFE194720AC105200F7BCDB /* Main.storyboard */,
				9FFE194A20AC105300F7BCDB /* Assets.xcassets */,
				9FFE194C20AC105300F7BCDB /* LaunchScreen.storyboard */,
				9FFE194F20AC105300F7BCDB /* Info.plist */,
				9FFE195020AC105300F7BCDB /* main.m */,
			);
			path = HZORM;
			sourceTree = "<group>";
		};
/* End PBXGroup section */

/* Begin PBXNativeTarget section */
		9FFE193D20AC105200F7BCDB /* HZORM */ = {
			isa = PBXNativeTarget;
			buildConfigurationList = 9FFE195420AC105300F7BCDB /* Build configuration list for PBXNativeTarget "HZORM" */;
			buildPhases = (
				68FB58E570E685B82DDAE53F /* [CP] Check Pods Manifest.lock */,
				9FFE193A20AC105200F7BCDB /* Sources */,
				9FFE193B20AC105200F7BCDB /* Frameworks */,
				9FFE193C20AC105200F7BCDB /* Resources */,
				A43113D4171738836409CB88 /* [CP] Embed Pods Frameworks */,
				F981BDE9C4B4B1AC888976E2 /* [CP] Copy Pods Resources */,
			);
			buildRules = (
			);
			dependencies = (
			);
			name = HZORM;
			productName = HZORM;
			productReference = 9FFE193E20AC105200F7BCDB /* HZORM.app */;
			productType = "com.apple.product-type.application";
		};
/* End PBXNativeTarget section */

/* Begin PBXProject section */
		9FFE193620AC105200F7BCDB /* Project object */ = {
			isa = PBXProject;
			attributes = {
				LastUpgradeCheck = 0930;
				ORGANIZATIONNAME = "江鹏";
				TargetAttributes = {
					9FFE193D20AC105200F7BCDB = {
						CreatedOnToolsVersion = 9.3.1;
					};
				};
			};
			buildConfigurationList = 9FFE193920AC105200F7BCDB /* Build configuration list for PBXProject "HZORM" */;
			compatibilityVersion = "Xcode 9.3";
			developmentRegion = en;
			hasScannedForEncodings = 0;
			knownRegions = (
				en,
				Base,
			);
			mainGroup = 9FFE193520AC105200F7BCDB;
			productRefGroup = 9FFE193F20AC105200F7BCDB /* Products */;
			projectDirPath = "";
			projectRoot = "";
			targets = (
				9FFE193D20AC105200F7BCDB /* HZORM */,
			);
		};
/* End PBXProject section */

/* Begin PBXResourcesBuildPhase section */
		9FFE193C20AC105200F7BCDB /* Resources */ = {
			isa = PBXResourcesBuildPhase;
			buildActionMask = 2147483647;
			files = (
				9FFE194E20AC105300F7BCDB /* LaunchScreen.storyboard in Resources */,
				9FFE194B20AC105300F7BCDB /* Assets.xcassets in Resources */,
				9FFE194920AC105200F7BCDB /* Main.storyboard in Resources */,
			);
			runOnlyForDeploymentPostprocessing = 0;
		};
/* End PBXResourcesBuildPhase section */

/* Begin PBXShellScriptBuildPhase section */
		68FB58E570E685B82DDAE53F /* [CP] Check Pods Manifest.lock */ = {
			isa = PBXShellScriptBuildPhase;
			buildActionMask = 2147483647;
			files = (
			);
			inputPaths = (
				"${PODS_PODFILE_DIR_PATH}/Podfile.lock",
				"${PODS_ROOT}/Manifest.lock",
			);
			name = "[CP] Check Pods Manifest.lock";
			outputPaths = (
				"$(DERIVED_FILE_DIR)/Pods-HZORM-checkManifestLockResult.txt",
			);
			runOnlyForDeploymentPostprocessing = 0;
			shellPath = /bin/sh;
			shellScript = "diff \"${PODS_PODFILE_DIR_PATH}/Podfile.lock\" \"${PODS_ROOT}/Manifest.lock\" > /dev/null\nif [ $? != 0 ] ; then\n    # print error to STDERR\n    echo \"error: The sandbox is not in sync with the Podfile.lock. Run 'pod install' or update your CocoaPods installation.\" >&2\n    exit 1\nfi\n# This output is used by Xcode 'outputs' to avoid re-running this script phase.\necho \"SUCCESS\" > \"${SCRIPT_OUTPUT_FILE_0}\"\n";
			showEnvVarsInLog = 0;
		};
		A43113D4171738836409CB88 /* [CP] Embed Pods Frameworks */ = {
			isa = PBXShellScriptBuildPhase;
			buildActionMask = 2147483647;
			files = (
			);
			inputPaths = (
			);
			name = "[CP] Embed Pods Frameworks";
			outputPaths = (
			);
			runOnlyForDeploymentPostprocessing = 0;
			shellPath = /bin/sh;
			shellScript = "\"${SRCROOT}/Pods/Target Support Files/Pods-HZORM/Pods-HZORM-frameworks.sh\"\n";
			showEnvVarsInLog = 0;
		};
		F981BDE9C4B4B1AC888976E2 /* [CP] Copy Pods Resources */ = {
			isa = PBXShellScriptBuildPhase;
			buildActionMask = 2147483647;
			files = (
			);
			inputPaths = (
				"${SRCROOT}/Pods/Target Support Files/Pods-HZORM/Pods-HZORM-resources.sh",
				"${PODS_ROOT}/YYDebugDatabase/DebugDatabase/Web.bundle",
			);
			name = "[CP] Copy Pods Resources";
			outputPaths = (
				"${TARGET_BUILD_DIR}/${UNLOCALIZED_RESOURCES_FOLDER_PATH}/Web.bundle",
			);
			runOnlyForDeploymentPostprocessing = 0;
			shellPath = /bin/sh;
			shellScript = "\"${SRCROOT}/Pods/Target Support Files/Pods-HZORM/Pods-HZORM-resources.sh\"\n";
			showEnvVarsInLog = 0;
		};
/* End PBXShellScriptBuildPhase section */

/* Begin PBXSourcesBuildPhase section */
		9FFE193A20AC105200F7BCDB /* Sources */ = {
			isa = PBXSourcesBuildPhase;
			buildActionMask = 2147483647;
			files = (
				9FFE194620AC105200F7BCDB /* ViewController.m in Sources */,
				9FFE195120AC105300F7BCDB /* main.m in Sources */,
				9FF1687820B7A05300BB7CA9 /* JKDBHelper.m in Sources */,
				9FF1687720B7A05300BB7CA9 /* JKDBModel.m in Sources */,
				9FEDA19120B68BF70082ACE9 /* Person.m in Sources */,
				9FFE194320AC105200F7BCDB /* AppDelegate.m in Sources */,
			);
			runOnlyForDeploymentPostprocessing = 0;
		};
/* End PBXSourcesBuildPhase section */

/* Begin PBXVariantGroup section */
		9FFE194720AC105200F7BCDB /* Main.storyboard */ = {
			isa = PBXVariantGroup;
			children = (
				9FFE194820AC105200F7BCDB /* Base */,
			);
			name = Main.storyboard;
			sourceTree = "<group>";
		};
		9FFE194C20AC105300F7BCDB /* LaunchScreen.storyboard */ = {
			isa = PBXVariantGroup;
			children = (
				9FFE194D20AC105300F7BCDB /* Base */,
			);
			name = LaunchScreen.storyboard;
			sourceTree = "<group>";
		};
/* End PBXVariantGroup section */

/* Begin XCBuildConfiguration section */
		9FFE195220AC105300F7BCDB /* Debug */ = {
			isa = XCBuildConfiguration;
			buildSettings = {
				ALWAYS_SEARCH_USER_PATHS = NO;
				CLANG_ANALYZER_NONNULL = YES;
				CLANG_ANALYZER_NUMBER_OBJECT_CONVERSION = YES_AGGRESSIVE;
				CLANG_CXX_LANGUAGE_STANDARD = "gnu++14";
				CLANG_CXX_LIBRARY = "libc++";
				CLANG_ENABLE_MODULES = YES;
				CLANG_ENABLE_OBJC_ARC = YES;
				CLANG_ENABLE_OBJC_WEAK = YES;
				CLANG_WARN_BLOCK_CAPTURE_AUTORELEASING = YES;
				CLANG_WARN_BOOL_CONVERSION = YES;
				CLANG_WARN_COMMA = YES;
				CLANG_WARN_CONSTANT_CONVERSION = YES;
				CLANG_WARN_DEPRECATED_OBJC_IMPLEMENTATIONS = YES;
				CLANG_WARN_DIRECT_OBJC_ISA_USAGE = YES_ERROR;
				CLANG_WARN_DOCUMENTATION_COMMENTS = YES;
				CLANG_WARN_EMPTY_BODY = YES;
				CLANG_WARN_ENUM_CONVERSION = YES;
				CLANG_WARN_INFINITE_RECURSION = YES;
				CLANG_WARN_INT_CONVERSION = YES;
				CLANG_WARN_NON_LITERAL_NULL_CONVERSION = YES;
				CLANG_WARN_OBJC_IMPLICIT_RETAIN_SELF = YES;
				CLANG_WARN_OBJC_LITERAL_CONVERSION = YES;
				CLANG_WARN_OBJC_ROOT_CLASS = YES_ERROR;
				CLANG_WARN_RANGE_LOOP_ANALYSIS = YES;
				CLANG_WARN_STRICT_PROTOTYPES = YES;
				CLANG_WARN_SUSPICIOUS_MOVE = YES;
				CLANG_WARN_UNGUARDED_AVAILABILITY = YES_AGGRESSIVE;
				CLANG_WARN_UNREACHABLE_CODE = YES;
				CLANG_WARN__DUPLICATE_METHOD_MATCH = YES;
				CODE_SIGN_IDENTITY = "iPhone Developer";
				COPY_PHASE_STRIP = NO;
				DEBUG_INFORMATION_FORMAT = dwarf;
				ENABLE_STRICT_OBJC_MSGSEND = YES;
				ENABLE_TESTABILITY = YES;
				GCC_C_LANGUAGE_STANDARD = gnu11;
				GCC_DYNAMIC_NO_PIC = NO;
				GCC_NO_COMMON_BLOCKS = YES;
				GCC_OPTIMIZATION_LEVEL = 0;
				GCC_PREPROCESSOR_DEFINITIONS = (
					"DEBUG=1",
					"$(inherited)",
				);
				GCC_WARN_64_TO_32_BIT_CONVERSION = YES;
				GCC_WARN_ABOUT_RETURN_TYPE = YES_ERROR;
				GCC_WARN_UNDECLARED_SELECTOR = YES;
				GCC_WARN_UNINITIALIZED_AUTOS = YES_AGGRESSIVE;
				GCC_WARN_UNUSED_FUNCTION = YES;
				GCC_WARN_UNUSED_VARIABLE = YES;
				IPHONEOS_DEPLOYMENT_TARGET = 11.3;
				MTL_ENABLE_DEBUG_INFO = YES;
				ONLY_ACTIVE_ARCH = YES;
				SDKROOT = iphoneos;
			};
			name = Debug;
		};
		9FFE195320AC105300F7BCDB /* Release */ = {
			isa = XCBuildConfiguration;
			buildSettings = {
				ALWAYS_SEARCH_USER_PATHS = NO;
				CLANG_ANALYZER_NONNULL = YES;
				CLANG_ANALYZER_NUMBER_OBJECT_CONVERSION = YES_AGGRESSIVE;
				CLANG_CXX_LANGUAGE_STANDARD = "gnu++14";
				CLANG_CXX_LIBRARY = "libc++";
				CLANG_ENABLE_MODULES = YES;
				CLANG_ENABLE_OBJC_ARC = YES;
				CLANG_ENABLE_OBJC_WEAK = YES;
				CLANG_WARN_BLOCK_CAPTURE_AUTORELEASING = YES;
				CLANG_WARN_BOOL_CONVERSION = YES;
				CLANG_WARN_COMMA = YES;
				CLANG_WARN_CONSTANT_CONVERSION = YES;
				CLANG_WARN_DEPRECATED_OBJC_IMPLEMENTATIONS = YES;
				CLANG_WARN_DIRECT_OBJC_ISA_USAGE = YES_ERROR;
				CLANG_WARN_DOCUMENTATION_COMMENTS = YES;
				CLANG_WARN_EMPTY_BODY = YES;
				CLANG_WARN_ENUM_CONVERSION = YES;
				CLANG_WARN_INFINITE_RECURSION = YES;
				CLANG_WARN_INT_CONVERSION = YES;
				CLANG_WARN_NON_LITERAL_NULL_CONVERSION = YES;
				CLANG_WARN_OBJC_IMPLICIT_RETAIN_SELF = YES;
				CLANG_WARN_OBJC_LITERAL_CONVERSION = YES;
				CLANG_WARN_OBJC_ROOT_CLASS = YES_ERROR;
				CLANG_WARN_RANGE_LOOP_ANALYSIS = YES;
				CLANG_WARN_STRICT_PROTOTYPES = YES;
				CLANG_WARN_SUSPICIOUS_MOVE = YES;
				CLANG_WARN_UNGUARDED_AVAILABILITY = YES_AGGRESSIVE;
				CLANG_WARN_UNREACHABLE_CODE = YES;
				CLANG_WARN__DUPLICATE_METHOD_MATCH = YES;
				CODE_SIGN_IDENTITY = "iPhone Developer";
				COPY_PHASE_STRIP = NO;
				DEBUG_INFORMATION_FORMAT = "dwarf-with-dsym";
				ENABLE_NS_ASSERTIONS = NO;
				ENABLE_STRICT_OBJC_MSGSEND = YES;
				GCC_C_LANGUAGE_STANDARD = gnu11;
				GCC_NO_COMMON_BLOCKS = YES;
				GCC_WARN_64_TO_32_BIT_CONVERSION = YES;
				GCC_WARN_ABOUT_RETURN_TYPE = YES_ERROR;
				GCC_WARN_UNDECLARED_SELECTOR = YES;
				GCC_WARN_UNINITIALIZED_AUTOS = YES_AGGRESSIVE;
				GCC_WARN_UNUSED_FUNCTION = YES;
				GCC_WARN_UNUSED_VARIABLE = YES;
				IPHONEOS_DEPLOYMENT_TARGET = 11.3;
				MTL_ENABLE_DEBUG_INFO = NO;
				SDKROOT = iphoneos;
				VALIDATE_PRODUCT = YES;
			};
			name = Release;
		};
		9FFE195520AC105300F7BCDB /* Debug */ = {
			isa = XCBuildConfiguration;
			baseConfigurationReference = C318E9E93990963656D38D94 /* Pods-HZORM.debug.xcconfig */;
			buildSettings = {
				ASSETCATALOG_COMPILER_APPICON_NAME = AppIcon;
				CODE_SIGN_STYLE = Automatic;
				DEVELOPMENT_TEAM = SRX866P63V;
				INFOPLIST_FILE = HZORM/Info.plist;
				IPHONEOS_DEPLOYMENT_TARGET = 8.0;
				LD_RUNPATH_SEARCH_PATHS = (
					"$(inherited)",
					"@executable_path/Frameworks",
				);
				PRODUCT_BUNDLE_IDENTIFIER = com.KaiCom.HZORM;
				PRODUCT_NAME = "$(TARGET_NAME)";
				TARGETED_DEVICE_FAMILY = "1,2";
			};
			name = Debug;
		};
		9FFE195620AC105300F7BCDB /* Release */ = {
			isa = XCBuildConfiguration;
			baseConfigurationReference = 76D398187CF4958F9089E0D5 /* Pods-HZORM.release.xcconfig */;
			buildSettings = {
				ASSETCATALOG_COMPILER_APPICON_NAME = AppIcon;
				CODE_SIGN_STYLE = Automatic;
				DEVELOPMENT_TEAM = SRX866P63V;
				INFOPLIST_FILE = HZORM/Info.plist;
				IPHONEOS_DEPLOYMENT_TARGET = 8.0;
				LD_RUNPATH_SEARCH_PATHS = (
					"$(inherited)",
					"@executable_path/Frameworks",
				);
				PRODUCT_BUNDLE_IDENTIFIER = com.KaiCom.HZORM;
				PRODUCT_NAME = "$(TARGET_NAME)";
				TARGETED_DEVICE_FAMILY = "1,2";
			};
			name = Release;
		};
/* End XCBuildConfiguration section */

/* Begin XCConfigurationList section */
		9FFE193920AC105200F7BCDB /* Build configuration list for PBXProject "HZORM" */ = {
			isa = XCConfigurationList;
			buildConfigurations = (
				9FFE195220AC105300F7BCDB /* Debug */,
				9FFE195320AC105300F7BCDB /* Release */,
			);
			defaultConfigurationIsVisible = 0;
			defaultConfigurationName = Release;
		};
		9FFE195420AC105300F7BCDB /* Build configuration list for PBXNativeTarget "HZORM" */ = {
			isa = XCConfigurationList;
			buildConfigurations = (
				9FFE195520AC105300F7BCDB /* Debug */,
				9FFE195620AC105300F7BCDB /* Release */,
			);
			defaultConfigurationIsVisible = 0;
			defaultConfigurationName = Release;
		};
/* End XCConfigurationList section */
	};
	rootObject = 9FFE193620AC105200F7BCDB /* Project object */;
}
